
Microsoft Visual Studio Solution File, Format Version 12.00
# Visual Studio Version 16
VisualStudioVersion = 16.0.29924.181
MinimumVisualStudioVersion = 10.0.40219.1
Project("{9A19103F-16F7-4668-BE54-9A1E7A4F7556}") = "WeatherForecasts.Service", "WeatherForecasts.Service\WeatherForecasts.Service.csproj", "{DD34A958-4316-41AB-A0A0-D3DB43DC9CB5}"
EndProject
Project("{9A19103F-16F7-4668-BE54-9A1E7A4F7556}") = "WeatherForecasts.Shared", "WeatherForecasts.Shared\WeatherForecasts.Shared.csproj", "{330E34F4-2D7F-4411-AAD9-BEA1057E7E95}"
EndProject
Project("{9A19103F-16F7-4668-BE54-9A1E7A4F7556}") = "WeatherApi", "WeatherApi\WeatherApi.csproj", "{3856A425-7E7B-4141-B1BF-72B33819C050}"
EndProject
Project("{9A19103F-16F7-4668-BE54-9A1E7A4F7556}") = "WeatherClient", "WeatherClient\WeatherClient.csproj", "{F50D5FCB-22CD-406C-81B9-0CD1FC8C64E0}"
EndProject
Project("{FAE04EC0-301F-11D3-BF4B-00C04F79EFBC}") = "WeatherWebJob", "WeatherWebJob\WeatherWebJob.csproj", "{AB97BFBD-5D16-46DB-BF82-7D9068E76DDE}"
EndProject
Global
	GlobalSection(SolutionConfigurationPlatforms) = preSolution
		Debug|Any CPU = Debug|Any CPU
		Release|Any CPU = Release|Any CPU
	EndGlobalSection
	GlobalSection(ProjectConfigurationPlatforms) = postSolution
		{DD34A958-4316-41AB-A0A0-D3DB43DC9CB5}.Debug|Any CPU.ActiveCfg = Debug|Any CPU
		{DD34A958-4316-41AB-A0A0-D3DB43DC9CB5}.Debug|Any CPU.Build.0 = Debug|Any CPU
		{DD34A958-4316-41AB-A0A0-D3DB43DC9CB5}.Release|Any CPU.ActiveCfg = Release|Any CPU
		{DD34A958-4316-41AB-A0A0-D3DB43DC9CB5}.Release|Any CPU.Build.0 = Release|Any CPU
		{330E34F4-2D7F-4411-AAD9-BEA1057E7E95}.Debug|Any CPU.ActiveCfg = Debug|Any CPU
		{330E34F4-2D7F-4411-AAD9-BEA1057E7E95}.Debug|Any CPU.Build.0 = Debug|Any CPU
		{330E34F4-2D7F-4411-AAD9-BEA1057E7E95}.Release|Any CPU.ActiveCfg = Release|Any CPU
		{330E34F4-2D7F-4411-AAD9-BEA1057E7E95}.Release|Any CPU.Build.0 = Release|Any CPU
		{3856A425-7E7B-4141-B1BF-72B33819C050}.Debug|Any CPU.ActiveCfg = Debug|Any CPU
		{3856A425-7E7B-4141-B1BF-72B33819C050}.Debug|Any CPU.Build.0 = Debug|Any CPU
		{3856A425-7E7B-4141-B1BF-72B33819C050}.Release|Any CPU.ActiveCfg = Release|Any CPU
		{3856A425-7E7B-4141-B1BF-72B33819C050}.Release|Any CPU.Build.0 = Release|Any CPU
		{F50D5FCB-22CD-406C-81B9-0CD1FC8C64E0}.Debug|Any CPU.ActiveCfg = Debug|Any CPU
		{F50D5FCB-22CD-406C-81B9-0CD1FC8C64E0}.Debug|Any CPU.Build.0 = Debug|Any CPU
		{F50D5FCB-22CD-406C-81B9-0CD1FC8C64E0}.Release|Any CPU.ActiveCfg = Release|Any CPU
		{F50D5FCB-22CD-406C-81B9-0CD1FC8C64E0}.Release|Any CPU.Build.0 = Release|Any CPU
		{AB97BFBD-5D16-46DB-BF82-7D9068E76DDE}.Debug|Any CPU.ActiveCfg = Debug|Any CPU
		{AB97BFBD-5D16-46DB-BF82-7D9068E76DDE}.Debug|Any CPU.Build.0 = Debug|Any CPU
		{AB97BFBD-5D16-46DB-BF82-7D9068E76DDE}.Release|Any CPU.ActiveCfg = Release|Any CPU
		{AB97BFBD-5D16-46DB-BF82-7D9068E76DDE}.Release|Any CPU.Build.0 = Release|Any CPU
	EndGlobalSection
	GlobalSection(SolutionProperties) = preSolution
		HideSolutionNode = FALSE
	EndGlobalSection
	GlobalSection(ExtensibilityGlobals) = postSolution
		SolutionGuid = {89694B1F-10D2-4BB7-9106-17176ECEFFEF}
	EndGlobalSection
EndGlobal
